
Microsoft Visual Studio Solution File, Format Version 12.00
# Visual Studio Version 16
VisualStudioVersion = 16.0.32510.428
MinimumVisualStudioVersion = 10.0.40219.1
Project("{FAE04EC0-301F-11D3-BF4B-00C04F79EFBC}") = "GeneralSQLAPI", "GeneralSQLAPI\GeneralSQLAPI.csproj", "{30E5D331-4458-4C9D-BBC7-CE3918D1DD96}"
EndProject
Global
	GlobalSection(SolutionConfigurationPlatforms) = preSolution
		Debug|Any CPU = Debug|Any CPU
		Release|Any CPU = Release|Any CPU
	EndGlobalSection
	GlobalSection(ProjectConfigurationPlatforms) = postSolution
		{30E5D331-4458-4C9D-BBC7-CE3918D1DD96}.Debug|Any CPU.ActiveCfg = Debug|Any CPU
		{30E5D331-4458-4C9D-BBC7-CE3918D1DD96}.Debug|Any CPU.Build.0 = Debug|Any CPU
		{30E5D331-4458-4C9D-BBC7-CE3918D1DD96}.Release|Any CPU.ActiveCfg = Release|Any CPU
		{30E5D331-4458-4C9D-BBC7-CE3918D1DD96}.Release|Any CPU.Build.0 = Release|Any CPU
	EndGlobalSection
	GlobalSection(SolutionProperties) = preSolution
		HideSolutionNode = FALSE
	EndGlobalSection
	GlobalSection(ExtensibilityGlobals) = postSolution
		SolutionGuid = {1DB2565F-6C74-4730-B564-760849481912}
	EndGlobalSection
EndGlobal
